
Microsoft Visual Studio Solution File, Format Version 12.00
# Visual Studio Version 17
VisualStudioVersion = 17.5.002.0
MinimumVisualStudioVersion = 10.0.40219.1
Project("{9A19103F-16F7-4668-BE54-9A1E7A4F7556}") = "ProjetoMVC", "ProjetoMVC.csproj", "{495E12E7-36B8-43F1-BEF1-027AE0B5C32A}"
EndProject
Global
	GlobalSection(SolutionConfigurationPlatforms) = preSolution
		Debug|Any CPU = Debug|Any CPU
		Release|Any CPU = Release|Any CPU
	EndGlobalSection
	GlobalSection(ProjectConfigurationPlatforms) = postSolution
		{495E12E7-36B8-43F1-BEF1-027AE0B5C32A}.Debug|Any CPU.ActiveCfg = Debug|Any CPU
		{495E12E7-36B8-43F1-BEF1-027AE0B5C32A}.Debug|Any CPU.Build.0 = Debug|Any CPU
		{495E12E7-36B8-43F1-BEF1-027AE0B5C32A}.Release|Any CPU.ActiveCfg = Release|Any CPU
		{495E12E7-36B8-43F1-BEF1-027AE0B5C32A}.Release|Any CPU.Build.0 = Release|Any CPU
	EndGlobalSection
	GlobalSection(SolutionProperties) = preSolution
		HideSolutionNode = FALSE
	EndGlobalSection
	GlobalSection(ExtensibilityGlobals) = postSolution
		SolutionGuid = {C7C2DA51-8D6B-47E5-834E-E497E55D4655}
	EndGlobalSection
EndGlobal
